# This file is automatically @generated by Cargo.
# It is not intended for manual editing.
version = 4

[[package]]
name = "address"
version = "0.21.0"
source = "registry+https://github.com/rust-lang/crates.io-index"
checksum = "303671dcb60dd1af3f02b5013f72d86db643d5e6ea0142a7740f2395781bad83"

[[package]]
name = "web-url"
version = "0.11.0"
dependencies = [
 "address",
]
