# This file is automatically @generated by Cargo.
# It is not intended for manual editing.
version = 4

[[package]]
name = "address"
version = "0.22.0"
source = "registry+https://github.com/rust-lang/crates.io-index"
checksum = "f1bf9019d86bd06b845065eba91ccb7aecebec7f11eef350cce6b0052b06f325"

[[package]]
name = "web-url"
version = "0.11.0"
dependencies = [
 "address",
]
