# This file is automatically @generated by Cargo.
# It is not intended for manual editing.
version = 4

[[package]]
name = "address"
version = "0.24.0"
source = "registry+https://github.com/rust-lang/crates.io-index"
checksum = "4d0f6b180f4be67a4e96fab97344a7c5b1fe932d5d3a2052b3bc85f042dba7ae"

[[package]]
name = "web-url"
version = "0.11.0"
dependencies = [
 "address",
]
